
Microsoft Visual Studio Solution File, Format Version 12.00
# Visual Studio 2013
VisualStudioVersion = 12.0.30501.0
MinimumVisualStudioVersion = 10.0.40219.1
Project("{8BC9CEB8-8B4A-11D0-8D11-00A0C91BC942}") = "EX05_05", "EX05_05\EX05_05.vcxproj", "{00F085B6-C2F9-4B24-9B1E-E58036ADB466}"
EndProject
Global
	GlobalSection(SolutionConfigurationPlatforms) = preSolution
		Debug|Win32 = Debug|Win32
		Release|Win32 = Release|Win32
	EndGlobalSection
	GlobalSection(ProjectConfigurationPlatforms) = postSolution
		{00F085B6-C2F9-4B24-9B1E-E58036ADB466}.Debug|Win32.ActiveCfg = Debug|Win32
		{00F085B6-C2F9-4B24-9B1E-E58036ADB466}.Debug|Win32.Build.0 = Debug|Win32
		{00F085B6-C2F9-4B24-9B1E-E58036ADB466}.Release|Win32.ActiveCfg = Release|Win32
		{00F085B6-C2F9-4B24-9B1E-E58036ADB466}.Release|Win32.Build.0 = Release|Win32
	EndGlobalSection
	GlobalSection(SolutionProperties) = preSolution
		HideSolutionNode = FALSE
	EndGlobalSection
EndGlobal
